{
  "version": "2",
  "remote": {
    "https://deno.land/std@0.173.0/_util/asserts.ts": "178dfc49a464aee693a7e285567b3d0b555dc805ff490505a8aae34f9cfb1462",
    "https://deno.land/std@0.173.0/_util/os.ts": "d932f56d41e4f6a6093d56044e29ce637f8dcc43c5a90af43504a889cf1775e3",
    "https://deno.land/std@0.173.0/path/_constants.ts": "e49961f6f4f48039c0dfed3c3f93e963ca3d92791c9d478ac5b43183413136e0",
    "https://deno.land/std@0.173.0/path/_interface.ts": "6471159dfbbc357e03882c2266d21ef9afdb1e4aa771b0545e90db58a0ba314b",
    "https://deno.land/std@0.173.0/path/_util.ts": "86c2375a996c1931b2f2ac71fefd5ddf0cf0e579fa4ab12d3e4c552d4223b8d8",
    "https://deno.land/std@0.173.0/path/common.ts": "ee7505ab01fd22de3963b64e46cff31f40de34f9f8de1fff6a1bd2fe79380000",
    "https://deno.land/std@0.173.0/path/glob.ts": "d479e0a695621c94d3fd7fe7abd4f9499caf32a8de13f25073451c6ef420a4e1",
    "https://deno.land/std@0.173.0/path/mod.ts": "4b83694ac500d7d31b0cdafc927080a53dc0c3027eb2895790fb155082b0d232",
    "https://deno.land/std@0.173.0/path/posix.ts": "0874b341c2c6968ca38d323338b8b295ea1dae10fa872a768d812e2e7d634789",
    "https://deno.land/std@0.173.0/path/separator.ts": "0fb679739d0d1d7bf45b68dacfb4ec7563597a902edbaf3c59b50d5bcadd93b1",
    "https://deno.land/std@0.173.0/path/win32.ts": "672942919dd66ce1b8c224e77d3447e2ad8254eaff13fe6946420a9f78fa141e",
    "https://deno.land/std@0.178.0/_util/asserts.ts": "178dfc49a464aee693a7e285567b3d0b555dc805ff490505a8aae34f9cfb1462",
    "https://deno.land/std@0.178.0/_util/os.ts": "d932f56d41e4f6a6093d56044e29ce637f8dcc43c5a90af43504a889cf1775e3",
    "https://deno.land/std@0.178.0/async/abortable.ts": "73acfb3ed7261ce0d930dbe89e43db8d34e017b063cf0eaa7d215477bf53442e",
    "https://deno.land/std@0.178.0/async/deadline.ts": "c5facb0b404eede83e38bd2717ea8ab34faa2ffb20ef87fd261fcba32ba307aa",
    "https://deno.land/std@0.178.0/async/debounce.ts": "adab11d04ca38d699444ac8a9d9856b4155e8dda2afd07ce78276c01ea5a4332",
    "https://deno.land/std@0.178.0/async/deferred.ts": "42790112f36a75a57db4a96d33974a936deb7b04d25c6084a9fa8a49f135def8",
    "https://deno.land/std@0.178.0/async/delay.ts": "73aa04cec034c84fc748c7be49bb15cac3dd43a57174bfdb7a4aec22c248f0dd",
    "https://deno.land/std@0.178.0/async/mod.ts": "f04344fa21738e5ad6bea37a6bfffd57c617c2d372bb9f9dcfd118a1b622e576",
    "https://deno.land/std@0.178.0/async/mux_async_iterator.ts": "70c7f2ee4e9466161350473ad61cac0b9f115cff4c552eaa7ef9d50c4cbb4cc9",
    "https://deno.land/std@0.178.0/async/pool.ts": "fd082bd4aaf26445909889435a5c74334c017847842ec035739b4ae637ae8260",
    "https://deno.land/std@0.178.0/async/retry.ts": "5efa3ba450ac0c07a40a82e2df296287b5013755d232049efd7ea2244f15b20f",
    "https://deno.land/std@0.178.0/async/tee.ts": "47e42d35f622650b02234d43803d0383a89eb4387e1b83b5a40106d18ae36757",
    "https://deno.land/std@0.178.0/crypto/to_hash_string.ts": "fe4e95239d7afb617f469bc2f76ff20f888ddb8d1385e0d92276f6e4d5a809d1",
    "https://deno.land/std@0.178.0/encoding/base64.ts": "7de04c2f8aeeb41453b09b186480be90f2ff357613b988e99fabb91d2eeceba1",
    "https://deno.land/std@0.178.0/encoding/hex.ts": "50f8c95b52eae24395d3dfcb5ec1ced37c5fe7610ef6fffdcc8b0fdc38e3b32f",
    "https://deno.land/std@0.178.0/fs/_util.ts": "65381f341af1ff7f40198cee15c20f59951ac26e51ddc651c5293e24f9ce6f32",
    "https://deno.land/std@0.178.0/fs/walk.ts": "ea95ffa6500c1eda6b365be488c056edc7c883a1db41ef46ec3bf057b1c0fe32",
    "https://deno.land/std@0.178.0/http/http_status.ts": "8a7bcfe3ac025199ad804075385e57f63d055b2aed539d943ccc277616d6f932",
    "https://deno.land/std@0.178.0/http/server.ts": "cbb17b594651215ba95c01a395700684e569c165a567e4e04bba327f41197433",
    "https://deno.land/std@0.178.0/media_types/_db.ts": "7606d83e31f23ce1a7968cbaee852810c2cf477903a095696cdc62eaab7ce570",
    "https://deno.land/std@0.178.0/media_types/_util.ts": "916efbd30b6148a716f110e67a4db29d6949bf4048997b754415dd7e42c52378",
    "https://deno.land/std@0.178.0/media_types/content_type.ts": "c682589a0aeb016bfed355cc1ed6fbb3ead2ea48fc0000ac5de6a5730613ad1c",
    "https://deno.land/std@0.178.0/media_types/extension.ts": "7a4ef2813d7182f724a941f38161525996e4a67abc3cf6a0f9bc2168d73a0f0e",
    "https://deno.land/std@0.178.0/media_types/extensions_by_type.ts": "4358023feac696e6e9d49c0f1e76a859f03ca254df57812f31f8536890c3a443",
    "https://deno.land/std@0.178.0/media_types/format_media_type.ts": "1e35e16562e5c417401ffc388a9f8f421f97f0ee06259cbe990c51bae4e6c7a8",
    "https://deno.land/std@0.178.0/media_types/get_charset.ts": "8be15a1fd31a545736b91ace56d0e4c66ea0d7b3fdc5c90760e8202e7b4b1fad",
    "https://deno.land/std@0.178.0/media_types/mod.ts": "d3f0b99f85053bc0b98ecc24eaa3546dfa09b856dc0bbaf60d8956d2cdd710c8",
    "https://deno.land/std@0.178.0/media_types/parse_media_type.ts": "bed260d868ea271445ae41d748e7afed9b5a7f407d2777ead08cecf73e9278de",
    "https://deno.land/std@0.178.0/media_types/type_by_extension.ts": "6076a7fc63181d70f92ec582fdea2c927eb2cfc7f9c9bee9d6add2aca86f2355",
    "https://deno.land/std@0.178.0/media_types/vendor/mime-db.v1.52.0.ts": "6925bbcae81ca37241e3f55908d0505724358cda3384eaea707773b2c7e99586",
    "https://deno.land/std@0.178.0/path/_constants.ts": "e49961f6f4f48039c0dfed3c3f93e963ca3d92791c9d478ac5b43183413136e0",
    "https://deno.land/std@0.178.0/path/_interface.ts": "6471159dfbbc357e03882c2266d21ef9afdb1e4aa771b0545e90db58a0ba314b",
    "https://deno.land/std@0.178.0/path/_util.ts": "d7abb1e0dea065f427b89156e28cdeb32b045870acdf865833ba808a73b576d0",
    "https://deno.land/std@0.178.0/path/common.ts": "ee7505ab01fd22de3963b64e46cff31f40de34f9f8de1fff6a1bd2fe79380000",
    "https://deno.land/std@0.178.0/path/glob.ts": "d479e0a695621c94d3fd7fe7abd4f9499caf32a8de13f25073451c6ef420a4e1",
    "https://deno.land/std@0.178.0/path/mod.ts": "4b83694ac500d7d31b0cdafc927080a53dc0c3027eb2895790fb155082b0d232",
    "https://deno.land/std@0.178.0/path/posix.ts": "8b7c67ac338714b30c816079303d0285dd24af6b284f7ad63da5b27372a2c94d",
    "https://deno.land/std@0.178.0/path/separator.ts": "0fb679739d0d1d7bf45b68dacfb4ec7563597a902edbaf3c59b50d5bcadd93b1",
    "https://deno.land/std@0.178.0/path/win32.ts": "d186344e5583bcbf8b18af416d13d82b35a317116e6460a5a3953508c3de5bba",
    "https://deno.land/x/denoflate@1.2.1/mod.ts": "f5628e44b80b3d80ed525afa2ba0f12408e3849db817d47a883b801f9ce69dd6",
    "https://deno.land/x/denoflate@1.2.1/pkg/denoflate.js": "b9f9ad9457d3f12f28b1fb35c555f57443427f74decb403113d67364e4f2caf4",
    "https://deno.land/x/denoflate@1.2.1/pkg/denoflate_bg.wasm.js": "d581956245407a2115a3d7e8d85a9641c032940a8e810acbd59ca86afd34d44d",
    "https://deno.land/x/esbuild@v0.17.11/mod.d.ts": "dc279a3a46f084484453e617c0cabcd5b8bd1920c0e562e4ea02dfc828c8f968",
    "https://deno.land/x/esbuild@v0.17.11/mod.js": "4f4e61964a551d9c0baf5bb19e973cf631cf8c66ddaf01e70070f8a100fc938c",
    "https://deno.land/x/esbuild@v0.17.11/wasm.d.ts": "dc279a3a46f084484453e617c0cabcd5b8bd1920c0e562e4ea02dfc828c8f968",
    "https://deno.land/x/esbuild@v0.17.11/wasm.js": "4030e7b50941ec6e06704c6b5f1f6416cc0f7f35f63daf63f184b728bea79a30",
    "https://deno.land/x/fresh@1.1.6/plugins/twind.ts": "c0570d6010e29ba24ee5f43b9d3f1fe735f7fac76d9a3e680c9896373d669876",
    "https://deno.land/x/fresh@1.1.6/plugins/twind/shared.ts": "023e0ffcd66668753b5049edab0de46e6d66194fb6026c679034b9bbf04ad6f3",
    "https://deno.land/x/fresh@1.1.6/runtime.ts": "b02ec1e2e32cf73a33d262b7c9dcab9468ce16cd89fd424196c71003698a4ab0",
    "https://deno.land/x/fresh@1.1.6/server.ts": "f379c9aad24471a71e58fb887fa57e5cc27ad9df035987eb260541c78df38e84",
    "https://deno.land/x/fresh@1.1.6/src/runtime/csp.ts": "9ee900e9b0b786057b1009da5976298c202d1b86d1f1e4d2510bde5f06530ac9",
    "https://deno.land/x/fresh@1.1.6/src/runtime/head.ts": "0f9932874497ab6e57ed1ba01d549e843523df4a5d36ef97460e7a43e3132fdc",
    "https://deno.land/x/fresh@1.1.6/src/runtime/utils.ts": "8320a874a44bdd5905c7d4b87a0e7a14a6c50a2ed133800e72ae57341e4d4faa",
    "https://deno.land/x/fresh@1.1.6/src/server/bundle.ts": "b96944f3780a8e9608372f335594104dd31391265d14126d9a9086469a9b6fb8",
    "https://deno.land/x/fresh@1.1.6/src/server/constants.ts": "9708458032582b57b1a211437503c79089b3d656b9a48e6bbd210fe2ea33a126",
    "https://deno.land/x/fresh@1.1.6/src/server/context.ts": "f87a4bd21df4406a063b67724999a53adf52e922616987d1773da673d6b7874e",
    "https://deno.land/x/fresh@1.1.6/src/server/default_error_page.ts": "9a1a595a1a2b31c9b724b04db82b8af256285536db272658d831ac9ef1d3d448",
    "https://deno.land/x/fresh@1.1.6/src/server/deps.ts": "05a0fa7acc38d5a2c95e9c534f0d310a070aa8fd6e4985573c22e13212c83a75",
    "https://deno.land/x/fresh@1.1.6/src/server/htmlescape.ts": "834ac7d0caa9fc38dffd9b8613fb47aeecd4f22d5d70c51d4b20a310c085835c",
    "https://deno.land/x/fresh@1.1.6/src/server/mod.ts": "72d213444334dd2e94c757a0eee0fc486c0919399ea9184d07ad042f34edd00d",
    "https://deno.land/x/fresh@1.1.6/src/server/render.ts": "6f50707bd1f6e33ed84bb71ae3b0996d202b953cefc4285f5356524c7b21f01f",
    "https://deno.land/x/fresh@1.1.6/src/server/router.ts": "5d3fb08a00cf2302d7ab783cc30b84cfe71ca0fc8f8b68299e65d3ef275984d8",
    "https://deno.land/x/fresh@1.1.6/src/server/types.ts": "425df48b913d981beaf30c891655e856861f1f74145d0761891851fcdf0ed99f",
    "https://deno.land/x/importmap@0.2.1/_util.ts": "ada9a9618b537e6c0316c048a898352396c882b9f2de38aba18fd3f2950ede89",
    "https://deno.land/x/importmap@0.2.1/mod.ts": "ae3d1cd7eabd18c01a4960d57db471126b020f23b37ef14e1359bbb949227ade",
    "https://deno.land/x/react_icons@0.2.3/lib/iconBase.tsx": "d1e0874730fefa788897f98b05da75ce9a43edcb7f4d32a033a56f96d79f0cc4",
    "https://deno.land/x/react_icons@0.2.3/lib/iconContext.tsx": "064c0e8b0c50fa774f53c2ccf02001d79fa7853c4bdb39006eb627f81d4cd38f",
    "https://deno.land/x/react_icons@0.2.3/lib/mod.tsx": "18b62460922a9e0cbb1c141d3d3e24b19b4e480f1a72d235ed95f301b82eb7fb",
    "https://deno.land/x/react_icons@0.2.3/si/mod.ts": "a05241c5f8d8af243c627726e797ff49652d0b056ba32e0d3e765c2ab35be0ce",
    "https://esm.sh/*preact-render-to-string@5.2.6": "46fe059bee8680eeb265c9cd8e2a4d1c6436bc589767d964ea3c297ec1d817dd",
    "https://esm.sh/preact@10.13.1": "e72c5e037748bde21484de9cf08289d4cae48ee13314da591b4f74b897c0c9ad",
    "https://esm.sh/preact@10.13.1/hooks": "d44e36ca827284a529d2fa24106844e22237b5b9f10d2f7b02e644a871e0ad5f",
    "https://esm.sh/preact@10.13.1/jsx-runtime": "36a411777b28413585f3cc37e17fa916b2c41014560dca120e7353d1eb843e16",
    "https://esm.sh/stable/preact@10.13.1/denonext/hooks.js": "6c902177dfa67b280bb52cd974e847acd0fea7877650bdefdcfa4227362be74e",
    "https://esm.sh/stable/preact@10.13.1/denonext/jsx-runtime.js": "7b34dd1d2a953efac4fdab89473d1fb3bf777d8ec2c456e2a23d18256512a3b4",
    "https://esm.sh/stable/preact@10.13.1/denonext/preact.mjs": "9a6d35a7eb7f3a0367425a507d20bc1006327c546047bb650b356ba9784d069e",
    "https://esm.sh/twind@0.16.19": "c8103f6f32af0121b2b587ddcb88a50b553adea5b6c7cf0d853e93ed3aecd654",
    "https://esm.sh/twind@0.16.19/colors": "dd3da86160da0810fe09080b5f519b992abd86d768817ed40bfacf7fe72d4e95",
    "https://esm.sh/twind@0.16.19/css": "e2d9f23b528e823c70d15bc7f2e0d9fedd2a18587e7d49af1dd0267983f0df74",
    "https://esm.sh/twind@0.16.19/sheets": "c282a10faa36da91d7dbcd4bf602d8cc843e8d514e107aa10525002080d4968e",
    "https://esm.sh/v128/preact@10.13.1/hooks/src/index.d.ts": "5c29febb624fc25d71cb0e125848c9b711e233337a08f7eacfade38fd4c14cc3",
    "https://esm.sh/v128/preact@10.13.1/jsx-runtime/src/index.d.ts": "e153460ed2b3fe2ad8b93696ecd48fbf73cd628b0b0ea6692b71804a3af69dfd",
    "https://esm.sh/v128/preact@10.13.1/src/index.d.ts": "65398710de6aa0a07412da79784e05e6e96763f51c7c91b77344d2d0af06385c",
    "https://esm.sh/v128/preact@10.13.1/src/jsx.d.ts": "fde41cfb4944bcc5005e653c989ef8f85deb1cbb5364a1726654993937cd08d0",
    "https://esm.sh/v132/csstype@3.1.2/index.d.ts": "4c68749a564a6facdf675416d75789ee5a557afda8960e0803cf6711fa569288",
    "https://esm.sh/v132/preact-render-to-string@5.2.6/X-ZS8q/denonext/preact-render-to-string.mjs": "9610f26a22259671043d7fc72a6153bb8bdbf63a56dbb438ce5f29aeaa7220a5",
    "https://esm.sh/v132/preact-render-to-string@5.2.6/X-ZS8q/src/index.d.ts": "b1d73703252c8570fdf2952475805f5808ba3511fefbd93a3e7bd8406de7dcd0",
    "https://esm.sh/v132/style-vendorizer@2.2.3/denonext/style-vendorizer.mjs": "121455e7b04b631ef6463ce63cdcd29febd74d88c37713c774ceca8a1561c83d",
    "https://esm.sh/v132/twind@0.16.19/colors/colors.d.ts": "5d718e9e958b108054073182c3a6b3a8c8352b4c9b2c520a15bdb56bac56868f",
    "https://esm.sh/v132/twind@0.16.19/css/css.d.ts": "af79f4cebd6c4a485d18416bbc9ed47417a7dc9557f4f756d4fb70cd66a9d86c",
    "https://esm.sh/v132/twind@0.16.19/denonext/colors.js": "83f03464068ed76b7200bce6fab29376421ab5506622a3fa70a459a4e093e837",
    "https://esm.sh/v132/twind@0.16.19/denonext/css.js": "f384b5966f3f930577bf11e6dc4e130dcf9e6f9cac39b0945157a01cfb90f935",
    "https://esm.sh/v132/twind@0.16.19/denonext/sheets.js": "efd516ad31769dc75c995bfb984ab03d23c0e0a90240c83a5496ef150cfd4757",
    "https://esm.sh/v132/twind@0.16.19/denonext/twind.mjs": "fa6873be436c567efddc2f1f2d2999087c1ceec66853c8008cd11644a9c2c62b",
    "https://esm.sh/v132/twind@0.16.19/sheets/sheets.d.ts": "a9cf78588c8ade10c28e4cf2dcbde07c7590d71a8d26d7a420650408b1fde07e",
    "https://esm.sh/v132/twind@0.16.19/twind.d.ts": "7b16b5982b4520ea04d855915a28e3a2033cb14cc7ebfa48070bdaaada27718a",
    "https://raw.githubusercontent.com/lucacasonato/esbuild_deno_loader/8031f71afa1bbcd3237a94b11f53a2e5c5c0e7bf/deps.ts": "b7248e5b750be62613a9417f407e65ed43726d83b11f9631d6dbb58634bbd7d1",
    "https://raw.githubusercontent.com/lucacasonato/esbuild_deno_loader/8031f71afa1bbcd3237a94b11f53a2e5c5c0e7bf/mod.ts": "3e507379372361162f93325a216b86f6098defb5bb60144555b507bca26d061f",
    "https://raw.githubusercontent.com/lucacasonato/esbuild_deno_loader/8031f71afa1bbcd3237a94b11f53a2e5c5c0e7bf/src/deno.ts": "71bee6b14e72ca193c0686d8b4f1f47d639a64745b6f5c7576f7a3616f436f57",
    "https://raw.githubusercontent.com/lucacasonato/esbuild_deno_loader/8031f71afa1bbcd3237a94b11f53a2e5c5c0e7bf/src/native_loader.ts": "2a0f5a7b68a57c4651ad48161b32532356b434597a6cf282683427482b38f6fa",
    "https://raw.githubusercontent.com/lucacasonato/esbuild_deno_loader/8031f71afa1bbcd3237a94b11f53a2e5c5c0e7bf/src/portable_loader.ts": "47adb6d9a00f13a87d0a15f2af79118eb93503234008c31392d71270bc0a42fa",
    "https://raw.githubusercontent.com/lucacasonato/esbuild_deno_loader/8031f71afa1bbcd3237a94b11f53a2e5c5c0e7bf/src/shared.ts": "007e8d575cb6ebcac4110f1f72188a8bec3aa29287b4ad26e98403c00bebf036"
  }
}
